
Microsoft Visual Studio Solution File, Format Version 12.00
# Visual Studio Version 16
VisualStudioVersion = 16.0.29905.134
MinimumVisualStudioVersion = 10.0.40219.1
Project("{9A19103F-16F7-4668-BE54-9A1E7A4F7556}") = "PawPadIO.Hub.Domain", "src\PawPadIO.Hub.Domain\PawPadIO.Hub.Domain.csproj", "{3D54D75B-8DBA-4AA0-9B9A-61B8AFCCA621}"
EndProject
Project("{9A19103F-16F7-4668-BE54-9A1E7A4F7556}") = "PawPadIO.Hub.GraphQL", "src\PawPadIO.Hub.GraphQL\PawPadIO.Hub.GraphQL.csproj", "{C42AA967-8729-46B6-B33A-CE61F158EB84}"
EndProject
Project("{2150E333-8FDC-42A3-9474-1A3956D46DE8}") = "Solution Items", "Solution Items", "{F4DC5E1C-9D16-483E-8CD7-4EA77475F9CD}"
	ProjectSection(SolutionItems) = preProject
		.dockerignore = .dockerignore
		.editorconfig = .editorconfig
		.gitattributes = .gitattributes
		.gitignore = .gitignore
		.issuetracker = .issuetracker
		CODEOWNERS = CODEOWNERS
		LICENSE = LICENSE
		README.md = README.md
	EndProjectSection
EndProject
Project("{9A19103F-16F7-4668-BE54-9A1E7A4F7556}") = "PawPadIO.Hub.Web", "src\PawPadIO.Hub.Web\PawPadIO.Hub.Web.csproj", "{4B35A8DF-1746-42B0-9BE6-794889C818EF}"
EndProject
Global
	GlobalSection(SolutionConfigurationPlatforms) = preSolution
		Debug|Any CPU = Debug|Any CPU
		Release|Any CPU = Release|Any CPU
	EndGlobalSection
	GlobalSection(ProjectConfigurationPlatforms) = postSolution
		{3D54D75B-8DBA-4AA0-9B9A-61B8AFCCA621}.Debug|Any CPU.ActiveCfg = Debug|Any CPU
		{3D54D75B-8DBA-4AA0-9B9A-61B8AFCCA621}.Debug|Any CPU.Build.0 = Debug|Any CPU
		{3D54D75B-8DBA-4AA0-9B9A-61B8AFCCA621}.Release|Any CPU.ActiveCfg = Release|Any CPU
		{3D54D75B-8DBA-4AA0-9B9A-61B8AFCCA621}.Release|Any CPU.Build.0 = Release|Any CPU
		{C42AA967-8729-46B6-B33A-CE61F158EB84}.Debug|Any CPU.ActiveCfg = Debug|Any CPU
		{C42AA967-8729-46B6-B33A-CE61F158EB84}.Debug|Any CPU.Build.0 = Debug|Any CPU
		{C42AA967-8729-46B6-B33A-CE61F158EB84}.Release|Any CPU.ActiveCfg = Release|Any CPU
		{C42AA967-8729-46B6-B33A-CE61F158EB84}.Release|Any CPU.Build.0 = Release|Any CPU
		{4B35A8DF-1746-42B0-9BE6-794889C818EF}.Debug|Any CPU.ActiveCfg = Debug|Any CPU
		{4B35A8DF-1746-42B0-9BE6-794889C818EF}.Debug|Any CPU.Build.0 = Debug|Any CPU
		{4B35A8DF-1746-42B0-9BE6-794889C818EF}.Release|Any CPU.ActiveCfg = Release|Any CPU
		{4B35A8DF-1746-42B0-9BE6-794889C818EF}.Release|Any CPU.Build.0 = Release|Any CPU
	EndGlobalSection
	GlobalSection(SolutionProperties) = preSolution
		HideSolutionNode = FALSE
	EndGlobalSection
	GlobalSection(ExtensibilityGlobals) = postSolution
		SolutionGuid = {4533A460-AC8B-4D38-9921-C4BD5119F83A}
	EndGlobalSection
EndGlobal
